{
  "version": 4,
  "terraform_version": "1.11.0",
  "serial": 370,
  "lineage": "87b6c1fb-193a-4bfe-a5d2-8a566889c546",
  "outputs": {},
  "resources": [
    {
      "mode": "managed",
      "type": "aws_db_instance",
      "name": "MS-SQL-DB-Terraform",
      "provider": "provider[\"registry.terraform.io/hashicorp/aws\"]",
      "instances": [
        {
          "schema_version": 2,
          "attributes": {
            "address": "ms-sql-db-terraform.ctoyw0cqok7o.eu-north-1.rds.amazonaws.com",
            "allocated_storage": 20,
            "allow_major_version_upgrade": null,
            "apply_immediately": false,
            "arn": "arn:aws:rds:eu-north-1:034362069537:db:ms-sql-db-terraform",
            "auto_minor_version_upgrade": true,
            "availability_zone": "eu-north-1a",
            "backup_retention_period": 0,
            "backup_target": "region",
            "backup_window": "23:42-00:12",
            "blue_green_update": [],
            "ca_cert_identifier": "rds-ca-rsa2048-g1",
            "character_set_name": "SQL_Latin1_General_CP1_CI_AS",
            "copy_tags_to_snapshot": false,
            "custom_iam_instance_profile": "",
            "customer_owned_ip_enabled": false,
            "database_insights_mode": "standard",
            "db_name": "",
            "db_subnet_group_name": "rds-subnet-group-ms-sql-terraform",
            "dedicated_log_volume": false,
            "delete_automated_backups": true,
            "deletion_protection": false,
            "domain": "",
            "domain_auth_secret_arn": "",
            "domain_dns_ips": [],
            "domain_fqdn": "",
            "domain_iam_role_name": "",
            "domain_ou": "",
            "enabled_cloudwatch_logs_exports": [],
            "endpoint": "ms-sql-db-terraform.ctoyw0cqok7o.eu-north-1.rds.amazonaws.com:1433",
            "engine": "sqlserver-ex",
            "engine_lifecycle_support": "",
            "engine_version": "15.00.4420.2.v1",
            "engine_version_actual": "15.00.4420.2.v1",
            "final_snapshot_identifier": "ms-sql-db-terraform-snapshot",
            "hosted_zone_id": "Z3MPDEQW7KHUGY",
            "iam_database_authentication_enabled": false,
            "id": "db-7Z6PBKJOTRYIGOF3AALUDYQ34M",
            "identifier": "ms-sql-db-terraform",
            "identifier_prefix": "",
            "instance_class": "db.t3.micro",
            "iops": 3000,
            "kms_key_id": "",
            "latest_restorable_time": "",
            "license_model": "license-included",
            "listener_endpoint": [],
            "maintenance_window": "tue:00:32-tue:01:02",
            "manage_master_user_password": null,
            "master_user_secret": [],
            "master_user_secret_kms_key_id": null,
            "max_allocated_storage": 0,
            "monitoring_interval": 0,
            "monitoring_role_arn": "",
            "multi_az": false,
            "nchar_character_set_name": "",
            "network_type": "IPV4",
            "option_group_name": "default:sqlserver-ex-15-00",
            "parameter_group_name": "default.sqlserver-ex-15.0",
            "password": "Maximum001",
            "password_wo": null,
            "password_wo_version": null,
            "performance_insights_enabled": false,
            "performance_insights_kms_key_id": "",
            "performance_insights_retention_period": 0,
            "port": 1433,
            "publicly_accessible": false,
            "replica_mode": "",
            "replicas": [],
            "replicate_source_db": "",
            "resource_id": "db-7Z6PBKJOTRYIGOF3AALUDYQ34M",
            "restore_to_point_in_time": [],
            "s3_import": [],
            "skip_final_snapshot": true,
            "snapshot_identifier": null,
            "status": "available",
            "storage_encrypted": false,
            "storage_throughput": 125,
            "storage_type": "gp3",
            "tags": {
              "Name": "ms-sql-db-terraform",
              "name": "Created-by-Terraform"
            },
            "tags_all": {
              "Name": "ms-sql-db-terraform",
              "name": "Created-by-Terraform"
            },
            "timeouts": null,
            "timezone": "",
            "upgrade_storage_config": null,
            "username": "admin",
            "vpc_security_group_ids": [
              "sg-091743cc7002e1b90"
            ]
          },
          "sensitive_attributes": [
            [
              {
                "type": "get_attr",
                "value": "password_wo"
              }
            ],
            [
              {
                "type": "get_attr",
                "value": "password"
              }
            ]
          ],
          "private": "eyJlMmJmYjczMC1lY2FhLTExZTYtOGY4OC0zNDM2M2JjN2M0YzAiOnsiY3JlYXRlIjozMDAwMDAwMDAwMDAwLCJkZWxldGUiOjM2MDAwMDAwMDAwMDAsInVwZGF0ZSI6NDgwMDAwMDAwMDAwMH0sInNjaGVtYV92ZXJzaW9uIjoiMiJ9",
          "dependencies": [
            "aws_db_subnet_group.rds-SubnetGroup-MS-SQL-Terraform",
            "aws_security_group.sg-MS-SQL-Terraform",
            "aws_subnet.Private-Subnet-AZ-1",
            "aws_subnet.Private-Subnet-AZ-2",
            "aws_vpc.VPC-Terraform"
          ]
        }
      ]
    },
    {
      "mode": "managed",
      "type": "aws_db_subnet_group",
      "name": "rds-SubnetGroup-MS-SQL-Terraform",
      "provider": "provider[\"registry.terraform.io/hashicorp/aws\"]",
      "instances": [
        {
          "schema_version": 0,
          "attributes": {
            "arn": "arn:aws:rds:eu-north-1:034362069537:subgrp:rds-subnet-group-ms-sql-terraform",
            "description": "Subnet Group created through Terraform",
            "id": "rds-subnet-group-ms-sql-terraform",
            "name": "rds-subnet-group-ms-sql-terraform",
            "name_prefix": "",
            "subnet_ids": [
              "subnet-0e7ca8965c6710a7c",
              "subnet-0e81363b3b84eb9a7"
            ],
            "supported_network_types": [
              "IPV4"
            ],
            "tags": {
              "Name": "rds-SubnetGroup-MS-SQL-Terraform",
              "name": "Created-by-Terraform"
            },
            "tags_all": {
              "Name": "rds-SubnetGroup-MS-SQL-Terraform",
              "name": "Created-by-Terraform"
            },
            "vpc_id": "vpc-0e78d76d21b9fbbc8"
          },
          "sensitive_attributes": [],
          "private": "bnVsbA==",
          "dependencies": [
            "aws_subnet.Private-Subnet-AZ-1",
            "aws_subnet.Private-Subnet-AZ-2",
            "aws_vpc.VPC-Terraform"
          ]
        }
      ]
    },
    {
      "mode": "managed",
      "type": "aws_instance",
      "name": "Private-VM-AZ-1-Terraform",
      "provider": "provider[\"registry.terraform.io/hashicorp/aws\"]",
      "instances": [
        {
          "schema_version": 1,
          "attributes": {
            "ami": "ami-0a5873df7e1f05a09",
            "arn": "arn:aws:ec2:eu-north-1:034362069537:instance/i-0224aef69c2b6cd9b",
            "associate_public_ip_address": false,
            "availability_zone": "eu-north-1a",
            "capacity_reservation_specification": [
              {
                "capacity_reservation_preference": "open",
                "capacity_reservation_target": []
              }
            ],
            "cpu_core_count": 1,
            "cpu_options": [
              {
                "amd_sev_snp": "",
                "core_count": 1,
                "threads_per_core": 2
              }
            ],
            "cpu_threads_per_core": 2,
            "credit_specification": [
              {
                "cpu_credits": "unlimited"
              }
            ],
            "disable_api_stop": false,
            "disable_api_termination": false,
            "ebs_block_device": [],
            "ebs_optimized": false,
            "enable_primary_ipv6": null,
            "enclave_options": [
              {
                "enabled": false
              }
            ],
            "ephemeral_block_device": [],
            "get_password_data": false,
            "hibernation": false,
            "host_id": "",
            "host_resource_group_arn": null,
            "iam_instance_profile": "",
            "id": "i-0224aef69c2b6cd9b",
            "instance_initiated_shutdown_behavior": "stop",
            "instance_lifecycle": "",
            "instance_market_options": [],
            "instance_state": "running",
            "instance_type": "t3.micro",
            "ipv6_address_count": 0,
            "ipv6_addresses": [],
            "key_name": "key-Terraform",
            "launch_template": [],
            "maintenance_options": [
              {
                "auto_recovery": "default"
              }
            ],
            "metadata_options": [
              {
                "http_endpoint": "enabled",
                "http_protocol_ipv6": "disabled",
                "http_put_response_hop_limit": 1,
                "http_tokens": "optional",
                "instance_metadata_tags": "disabled"
              }
            ],
            "monitoring": false,
            "network_interface": [],
            "outpost_arn": "",
            "password_data": "",
            "placement_group": "",
            "placement_partition_number": 0,
            "primary_network_interface_id": "eni-0d0abe8d997cdbfdf",
            "private_dns": "ip-10-0-2-215.eu-north-1.compute.internal",
            "private_dns_name_options": [
              {
                "enable_resource_name_dns_a_record": false,
                "enable_resource_name_dns_aaaa_record": false,
                "hostname_type": "ip-name"
              }
            ],
            "private_ip": "10.0.2.215",
            "public_dns": "",
            "public_ip": "",
            "root_block_device": [
              {
                "delete_on_termination": true,
                "device_name": "/dev/sda1",
                "encrypted": false,
                "iops": 100,
                "kms_key_id": "",
                "tags": null,
                "tags_all": {},
                "throughput": 0,
                "volume_id": "vol-0d85bd06e2b651dee",
                "volume_size": 30,
                "volume_type": "gp2"
              }
            ],
            "secondary_private_ips": [],
            "security_groups": [],
            "source_dest_check": true,
            "spot_instance_request_id": "",
            "subnet_id": "subnet-0e7ca8965c6710a7c",
            "tags": {
              "Name": "Private-VM-AZ-1-Terraform",
              "name": "Created-by-Terraform"
            },
            "tags_all": {
              "Name": "Private-VM-AZ-1-Terraform",
              "name": "Created-by-Terraform"
            },
            "tenancy": "default",
            "timeouts": null,
            "user_data": null,
            "user_data_base64": null,
            "user_data_replace_on_change": false,
            "volume_tags": null,
            "vpc_security_group_ids": [
              "sg-0ba1cc5fb3e60f64a"
            ]
          },
          "sensitive_attributes": [],
          "private": "eyJlMmJmYjczMC1lY2FhLTExZTYtOGY4OC0zNDM2M2JjN2M0YzAiOnsiY3JlYXRlIjo2MDAwMDAwMDAwMDAsImRlbGV0ZSI6MTIwMDAwMDAwMDAwMCwicmVhZCI6OTAwMDAwMDAwMDAwLCJ1cGRhdGUiOjYwMDAwMDAwMDAwMH0sInNjaGVtYV92ZXJzaW9uIjoiMSJ9",
          "dependencies": [
            "aws_security_group.sg-Terraform",
            "aws_subnet.Private-Subnet-AZ-1",
            "aws_vpc.VPC-Terraform"
          ]
        }
      ]
    },
    {
      "mode": "managed",
      "type": "aws_instance",
      "name": "Private-VM-AZ-2-Terraform",
      "provider": "provider[\"registry.terraform.io/hashicorp/aws\"]",
      "instances": [
        {
          "schema_version": 1,
          "attributes": {
            "ami": "ami-0a5873df7e1f05a09",
            "arn": "arn:aws:ec2:eu-north-1:034362069537:instance/i-06b7d1799759123fa",
            "associate_public_ip_address": false,
            "availability_zone": "eu-north-1b",
            "capacity_reservation_specification": [
              {
                "capacity_reservation_preference": "open",
                "capacity_reservation_target": []
              }
            ],
            "cpu_core_count": 1,
            "cpu_options": [
              {
                "amd_sev_snp": "",
                "core_count": 1,
                "threads_per_core": 2
              }
            ],
            "cpu_threads_per_core": 2,
            "credit_specification": [
              {
                "cpu_credits": "unlimited"
              }
            ],
            "disable_api_stop": false,
            "disable_api_termination": false,
            "ebs_block_device": [],
            "ebs_optimized": false,
            "enable_primary_ipv6": null,
            "enclave_options": [
              {
                "enabled": false
              }
            ],
            "ephemeral_block_device": [],
            "get_password_data": false,
            "hibernation": false,
            "host_id": "",
            "host_resource_group_arn": null,
            "iam_instance_profile": "",
            "id": "i-06b7d1799759123fa",
            "instance_initiated_shutdown_behavior": "stop",
            "instance_lifecycle": "",
            "instance_market_options": [],
            "instance_state": "running",
            "instance_type": "t3.micro",
            "ipv6_address_count": 0,
            "ipv6_addresses": [],
            "key_name": "key-Terraform",
            "launch_template": [],
            "maintenance_options": [
              {
                "auto_recovery": "default"
              }
            ],
            "metadata_options": [
              {
                "http_endpoint": "enabled",
                "http_protocol_ipv6": "disabled",
                "http_put_response_hop_limit": 1,
                "http_tokens": "optional",
                "instance_metadata_tags": "disabled"
              }
            ],
            "monitoring": false,
            "network_interface": [],
            "outpost_arn": "",
            "password_data": "",
            "placement_group": "",
            "placement_partition_number": 0,
            "primary_network_interface_id": "eni-0fdfa06ea3d544faa",
            "private_dns": "ip-10-0-3-159.eu-north-1.compute.internal",
            "private_dns_name_options": [
              {
                "enable_resource_name_dns_a_record": false,
                "enable_resource_name_dns_aaaa_record": false,
                "hostname_type": "ip-name"
              }
            ],
            "private_ip": "10.0.3.159",
            "public_dns": "",
            "public_ip": "",
            "root_block_device": [
              {
                "delete_on_termination": true,
                "device_name": "/dev/sda1",
                "encrypted": false,
                "iops": 100,
                "kms_key_id": "",
                "tags": null,
                "tags_all": {},
                "throughput": 0,
                "volume_id": "vol-06849106e8d3291d2",
                "volume_size": 30,
                "volume_type": "gp2"
              }
            ],
            "secondary_private_ips": [],
            "security_groups": [],
            "source_dest_check": true,
            "spot_instance_request_id": "",
            "subnet_id": "subnet-0e81363b3b84eb9a7",
            "tags": {
              "Name": "Private-VM-AZ-2-Terraform",
              "name": "Created-by-Terraform"
            },
            "tags_all": {
              "Name": "Private-VM-AZ-2-Terraform",
              "name": "Created-by-Terraform"
            },
            "tenancy": "default",
            "timeouts": null,
            "user_data": null,
            "user_data_base64": null,
            "user_data_replace_on_change": false,
            "volume_tags": null,
            "vpc_security_group_ids": [
              "sg-0ba1cc5fb3e60f64a"
            ]
          },
          "sensitive_attributes": [],
          "private": "eyJlMmJmYjczMC1lY2FhLTExZTYtOGY4OC0zNDM2M2JjN2M0YzAiOnsiY3JlYXRlIjo2MDAwMDAwMDAwMDAsImRlbGV0ZSI6MTIwMDAwMDAwMDAwMCwicmVhZCI6OTAwMDAwMDAwMDAwLCJ1cGRhdGUiOjYwMDAwMDAwMDAwMH0sInNjaGVtYV92ZXJzaW9uIjoiMSJ9",
          "dependencies": [
            "aws_security_group.sg-Terraform",
            "aws_subnet.Private-Subnet-AZ-2",
            "aws_vpc.VPC-Terraform"
          ]
        }
      ]
    },
    {
      "mode": "managed",
      "type": "aws_instance",
      "name": "Public-VM-AZ-1-Terraform",
      "provider": "provider[\"registry.terraform.io/hashicorp/aws\"]",
      "instances": [
        {
          "schema_version": 1,
          "attributes": {
            "ami": "ami-0a5873df7e1f05a09",
            "arn": "arn:aws:ec2:eu-north-1:034362069537:instance/i-046aa8b6d8780b0d3",
            "associate_public_ip_address": true,
            "availability_zone": "eu-north-1a",
            "capacity_reservation_specification": [
              {
                "capacity_reservation_preference": "open",
                "capacity_reservation_target": []
              }
            ],
            "cpu_core_count": 1,
            "cpu_options": [
              {
                "amd_sev_snp": "",
                "core_count": 1,
                "threads_per_core": 2
              }
            ],
            "cpu_threads_per_core": 2,
            "credit_specification": [
              {
                "cpu_credits": "unlimited"
              }
            ],
            "disable_api_stop": false,
            "disable_api_termination": false,
            "ebs_block_device": [],
            "ebs_optimized": false,
            "enable_primary_ipv6": null,
            "enclave_options": [
              {
                "enabled": false
              }
            ],
            "ephemeral_block_device": [],
            "get_password_data": false,
            "hibernation": false,
            "host_id": "",
            "host_resource_group_arn": null,
            "iam_instance_profile": "",
            "id": "i-046aa8b6d8780b0d3",
            "instance_initiated_shutdown_behavior": "stop",
            "instance_lifecycle": "",
            "instance_market_options": [],
            "instance_state": "running",
            "instance_type": "t3.micro",
            "ipv6_address_count": 0,
            "ipv6_addresses": [],
            "key_name": "key-Terraform",
            "launch_template": [],
            "maintenance_options": [
              {
                "auto_recovery": "default"
              }
            ],
            "metadata_options": [
              {
                "http_endpoint": "enabled",
                "http_protocol_ipv6": "disabled",
                "http_put_response_hop_limit": 1,
                "http_tokens": "optional",
                "instance_metadata_tags": "disabled"
              }
            ],
            "monitoring": false,
            "network_interface": [],
            "outpost_arn": "",
            "password_data": "",
            "placement_group": "",
            "placement_partition_number": 0,
            "primary_network_interface_id": "eni-0c288db9d579ff5af",
            "private_dns": "ip-10-0-0-193.eu-north-1.compute.internal",
            "private_dns_name_options": [
              {
                "enable_resource_name_dns_a_record": false,
                "enable_resource_name_dns_aaaa_record": false,
                "hostname_type": "ip-name"
              }
            ],
            "private_ip": "10.0.0.193",
            "public_dns": "",
            "public_ip": "13.61.187.6",
            "root_block_device": [
              {
                "delete_on_termination": true,
                "device_name": "/dev/sda1",
                "encrypted": false,
                "iops": 100,
                "kms_key_id": "",
                "tags": {},
                "tags_all": {},
                "throughput": 0,
                "volume_id": "vol-0588d290674d79fff",
                "volume_size": 30,
                "volume_type": "gp2"
              }
            ],
            "secondary_private_ips": [],
            "security_groups": [],
            "source_dest_check": true,
            "spot_instance_request_id": "",
            "subnet_id": "subnet-02bb3e491dea50327",
            "tags": {
              "Name": "Public-VM-AZ-1-Terraform",
              "name": "Created-by-Terraform"
            },
            "tags_all": {
              "Name": "Public-VM-AZ-1-Terraform",
              "name": "Created-by-Terraform"
            },
            "tenancy": "default",
            "timeouts": null,
            "user_data": null,
            "user_data_base64": null,
            "user_data_replace_on_change": false,
            "volume_tags": null,
            "vpc_security_group_ids": [
              "sg-0ba1cc5fb3e60f64a"
            ]
          },
          "sensitive_attributes": [],
          "private": "eyJlMmJmYjczMC1lY2FhLTExZTYtOGY4OC0zNDM2M2JjN2M0YzAiOnsiY3JlYXRlIjo2MDAwMDAwMDAwMDAsImRlbGV0ZSI6MTIwMDAwMDAwMDAwMCwicmVhZCI6OTAwMDAwMDAwMDAwLCJ1cGRhdGUiOjYwMDAwMDAwMDAwMH0sInNjaGVtYV92ZXJzaW9uIjoiMSJ9",
          "dependencies": [
            "aws_security_group.sg-Terraform",
            "aws_subnet.Public-Subnet-AZ-1",
            "aws_vpc.VPC-Terraform"
          ]
        }
      ]
    },
    {
      "mode": "managed",
      "type": "aws_internet_gateway",
      "name": "igw-Terraform",
      "provider": "provider[\"registry.terraform.io/hashicorp/aws\"]",
      "instances": [
        {
          "schema_version": 0,
          "attributes": {
            "arn": "arn:aws:ec2:eu-north-1:034362069537:internet-gateway/igw-016fb54228aa4b6b9",
            "id": "igw-016fb54228aa4b6b9",
            "owner_id": "034362069537",
            "tags": {
              "Name": "igw-Terraform",
              "name": "Created-by-Terraform"
            },
            "tags_all": {
              "Name": "igw-Terraform",
              "name": "Created-by-Terraform"
            },
            "timeouts": null,
            "vpc_id": "vpc-0e78d76d21b9fbbc8"
          },
          "sensitive_attributes": [],
          "private": "eyJlMmJmYjczMC1lY2FhLTExZTYtOGY4OC0zNDM2M2JjN2M0YzAiOnsiY3JlYXRlIjoxMjAwMDAwMDAwMDAwLCJkZWxldGUiOjEyMDAwMDAwMDAwMDAsInVwZGF0ZSI6MTIwMDAwMDAwMDAwMH19",
          "dependencies": [
            "aws_vpc.VPC-Terraform"
          ]
        }
      ]
    },
    {
      "mode": "managed",
      "type": "aws_key_pair",
      "name": "key-Terraform",
      "provider": "provider[\"registry.terraform.io/hashicorp/aws\"]",
      "instances": [
        {
          "schema_version": 1,
          "attributes": {
            "arn": "arn:aws:ec2:eu-north-1:034362069537:key-pair/key-Terraform",
            "fingerprint": "46:b1:a7:87:18:21:3b:c3:9c:bd:ff:20:e8:90:3b:86",
            "id": "key-Terraform",
            "key_name": "key-Terraform",
            "key_name_prefix": "",
            "key_pair_id": "key-0c3a3204acf9b8546",
            "key_type": "rsa",
            "public_key": "ssh-rsa AAAAB3NzaC1yc2EAAAADAQABAAACAQC7mdxYHjy/ONjO/fElzP7/sQVUXMpVDXajJ5fN4podl15z93qmXNF9RDZZEDXjoSTvk5kiyUDiAwPFJewDOJXvEXMXNSEhuiOXwGcYMRPJktPleoaZIxFx3XbuvedaRZ8KGShGELw1yomizu3CgccF0x/hWbI2QY4n/v2RT6d0PfvpERngshaQxhpbDeBuClzalzpCx0InV4u7sXhGNBh91wzM4j8CLK3OWv/2XnoMXYsvUoz622hpxnOEFX5adc662D77q9d2g+BNu8K7r3WUO6gyd37gIEHyHTKapTTit/4h8+vutvytlgjUtLBh0iu8li1k0b5YFw22QnIO49Nb4CoFpTVf2ctxgo7W1uKLaA6Zhf/hTqzfw7hdJsZqEUyIj7Q87p8tiFcZ7ctZgN7H/DWaZdglSesHGoIzf4ZUCngoGaFPaewH1so2r//xr+0vEXiQ0H9ki8P0ezOWJUlAPZ8FLFRWlVHrik3OhqlVroJn0x89yEk8bsMu2rj2nQKwvSYRvfmj6ATXHpIaI9ESoxvN1QsVZVIK45wtA5xdnvn8BNpftYgdxFncNWENAHyV7ysFJPM+I6rqsCaajeog8+Bug6o6LF3aD8GlfRq2ONeTRQJVdZcxe3x7yXpgBIlqSRsnKDAhv+kPLYkGSQ9tVmdkd72OWRtEbRQLAB7Wdw==",
            "tags": {
              "Name": "key-Terraform",
              "name": "Created-by-Terraform"
            },
            "tags_all": {
              "Name": "key-Terraform",
              "name": "Created-by-Terraform"
            }
          },
          "sensitive_attributes": [],
          "private": "eyJzY2hlbWFfdmVyc2lvbiI6IjEifQ==",
          "dependencies": [
            "tls_private_key.Private_Key_RSA_Algorithm"
          ]
        }
      ]
    },
    {
      "mode": "managed",
      "type": "aws_lb",
      "name": "lb-Terraform",
      "provider": "provider[\"registry.terraform.io/hashicorp/aws\"]",
      "instances": [
        {
          "schema_version": 0,
          "attributes": {
            "access_logs": [
              {
                "bucket": "",
                "enabled": false,
                "prefix": ""
              }
            ],
            "arn": "arn:aws:elasticloadbalancing:eu-north-1:034362069537:loadbalancer/app/lb-Terraform/ea20b2320936043a",
            "arn_suffix": "app/lb-Terraform/ea20b2320936043a",
            "client_keep_alive": 3600,
            "connection_logs": [
              {
                "bucket": "",
                "enabled": false,
                "prefix": ""
              }
            ],
            "customer_owned_ipv4_pool": "",
            "desync_mitigation_mode": "defensive",
            "dns_name": "lb-Terraform-588002809.eu-north-1.elb.amazonaws.com",
            "dns_record_client_routing_policy": null,
            "drop_invalid_header_fields": false,
            "enable_cross_zone_load_balancing": true,
            "enable_deletion_protection": false,
            "enable_http2": true,
            "enable_tls_version_and_cipher_suite_headers": false,
            "enable_waf_fail_open": false,
            "enable_xff_client_port": false,
            "enable_zonal_shift": false,
            "enforce_security_group_inbound_rules_on_private_link_traffic": "",
            "id": "arn:aws:elasticloadbalancing:eu-north-1:034362069537:loadbalancer/app/lb-Terraform/ea20b2320936043a",
            "idle_timeout": 60,
            "internal": false,
            "ip_address_type": "ipv4",
            "ipam_pools": [],
            "load_balancer_type": "application",
            "name": "lb-Terraform",
            "name_prefix": "",
            "preserve_host_header": false,
            "security_groups": [
              "sg-01c7b2f25fc2e4614"
            ],
            "subnet_mapping": [
              {
                "allocation_id": "",
                "ipv6_address": "",
                "outpost_id": "",
                "private_ipv4_address": "",
                "subnet_id": "subnet-02bb3e491dea50327"
              },
              {
                "allocation_id": "",
                "ipv6_address": "",
                "outpost_id": "",
                "private_ipv4_address": "",
                "subnet_id": "subnet-0bb87d429e606d967"
              }
            ],
            "subnets": [
              "subnet-02bb3e491dea50327",
              "subnet-0bb87d429e606d967"
            ],
            "tags": {
              "name": "Created-by-Terraform"
            },
            "tags_all": {
              "name": "Created-by-Terraform"
            },
            "timeouts": null,
            "vpc_id": "vpc-0e78d76d21b9fbbc8",
            "xff_header_processing_mode": "append",
            "zone_id": "Z23TAZ6LKFMNIO"
          },
          "sensitive_attributes": [],
          "private": "eyJlMmJmYjczMC1lY2FhLTExZTYtOGY4OC0zNDM2M2JjN2M0YzAiOnsiY3JlYXRlIjo2MDAwMDAwMDAwMDAsImRlbGV0ZSI6NjAwMDAwMDAwMDAwLCJ1cGRhdGUiOjYwMDAwMDAwMDAwMH19",
          "dependencies": [
            "aws_security_group.sg-Load-Balancer-Terraform",
            "aws_subnet.Public-Subnet-AZ-1",
            "aws_subnet.Public-Subnet-AZ-2",
            "aws_vpc.VPC-Terraform"
          ]
        }
      ]
    },
    {
      "mode": "managed",
      "type": "aws_lb_listener",
      "name": "lb-Listener-HTTP",
      "provider": "provider[\"registry.terraform.io/hashicorp/aws\"]",
      "instances": [
        {
          "schema_version": 0,
          "attributes": {
            "alpn_policy": null,
            "arn": "arn:aws:elasticloadbalancing:eu-north-1:034362069537:listener/app/lb-Terraform/ea20b2320936043a/06835a90810ee240",
            "certificate_arn": null,
            "default_action": [
              {
                "authenticate_cognito": [],
                "authenticate_oidc": [],
                "fixed_response": [],
                "forward": [],
                "order": 1,
                "redirect": [],
                "target_group_arn": "arn:aws:elasticloadbalancing:eu-north-1:034362069537:targetgroup/lb-Target-Group-Terraform/f5f4343a224b1417",
                "type": "forward"
              }
            ],
            "id": "arn:aws:elasticloadbalancing:eu-north-1:034362069537:listener/app/lb-Terraform/ea20b2320936043a/06835a90810ee240",
            "load_balancer_arn": "arn:aws:elasticloadbalancing:eu-north-1:034362069537:loadbalancer/app/lb-Terraform/ea20b2320936043a",
            "mutual_authentication": [],
            "port": 80,
            "protocol": "HTTP",
            "routing_http_request_x_amzn_mtls_clientcert_header_name": null,
            "routing_http_request_x_amzn_mtls_clientcert_issuer_header_name": null,
            "routing_http_request_x_amzn_mtls_clientcert_leaf_header_name": null,
            "routing_http_request_x_amzn_mtls_clientcert_serial_number_header_name": null,
            "routing_http_request_x_amzn_mtls_clientcert_subject_header_name": null,
            "routing_http_request_x_amzn_mtls_clientcert_validity_header_name": null,
            "routing_http_request_x_amzn_tls_cipher_suite_header_name": null,
            "routing_http_request_x_amzn_tls_version_header_name": null,
            "routing_http_response_access_control_allow_credentials_header_value": "",
            "routing_http_response_access_control_allow_headers_header_value": "",
            "routing_http_response_access_control_allow_methods_header_value": "",
            "routing_http_response_access_control_allow_origin_header_value": "",
            "routing_http_response_access_control_expose_headers_header_value": "",
            "routing_http_response_access_control_max_age_header_value": "",
            "routing_http_response_content_security_policy_header_value": "",
            "routing_http_response_server_enabled": false,
            "routing_http_response_strict_transport_security_header_value": "",
            "routing_http_response_x_content_type_options_header_value": "",
            "routing_http_response_x_frame_options_header_value": "",
            "ssl_policy": "",
            "tags": {
              "Name": "lb-Listener-HTTP",
              "name": "Created-by-Terraform"
            },
            "tags_all": {
              "Name": "lb-Listener-HTTP",
              "name": "Created-by-Terraform"
            },
            "tcp_idle_timeout_seconds": null,
            "timeouts": null
          },
          "sensitive_attributes": [],
          "private": "eyJlMmJmYjczMC1lY2FhLTExZTYtOGY4OC0zNDM2M2JjN2M0YzAiOnsiY3JlYXRlIjozMDAwMDAwMDAwMDAsInVwZGF0ZSI6MzAwMDAwMDAwMDAwfX0=",
          "dependencies": [
            "aws_lb.lb-Terraform",
            "aws_lb_target_group.lb-Target-Group-Terraform",
            "aws_security_group.sg-Load-Balancer-Terraform",
            "aws_subnet.Public-Subnet-AZ-1",
            "aws_subnet.Public-Subnet-AZ-2",
            "aws_vpc.VPC-Terraform"
          ]
        }
      ]
    },
    {
      "mode": "managed",
      "type": "aws_lb_target_group",
      "name": "lb-Target-Group-Terraform",
      "provider": "provider[\"registry.terraform.io/hashicorp/aws\"]",
      "instances": [
        {
          "schema_version": 0,
          "attributes": {
            "arn": "arn:aws:elasticloadbalancing:eu-north-1:034362069537:targetgroup/lb-Target-Group-Terraform/f5f4343a224b1417",
            "arn_suffix": "targetgroup/lb-Target-Group-Terraform/f5f4343a224b1417",
            "connection_termination": null,
            "deregistration_delay": "300",
            "health_check": [
              {
                "enabled": true,
                "healthy_threshold": 3,
                "interval": 30,
                "matcher": "200",
                "path": "/",
                "port": "traffic-port",
                "protocol": "HTTP",
                "timeout": 5,
                "unhealthy_threshold": 2
              }
            ],
            "id": "arn:aws:elasticloadbalancing:eu-north-1:034362069537:targetgroup/lb-Target-Group-Terraform/f5f4343a224b1417",
            "ip_address_type": "ipv4",
            "lambda_multi_value_headers_enabled": false,
            "load_balancer_arns": [
              "arn:aws:elasticloadbalancing:eu-north-1:034362069537:loadbalancer/app/lb-Terraform/ea20b2320936043a"
            ],
            "load_balancing_algorithm_type": "round_robin",
            "load_balancing_anomaly_mitigation": "off",
            "load_balancing_cross_zone_enabled": "use_load_balancer_configuration",
            "name": "lb-Target-Group-Terraform",
            "name_prefix": "",
            "port": 80,
            "preserve_client_ip": null,
            "protocol": "HTTP",
            "protocol_version": "HTTP1",
            "proxy_protocol_v2": false,
            "slow_start": 0,
            "stickiness": [
              {
                "cookie_duration": 86400,
                "cookie_name": "",
                "enabled": false,
                "type": "lb_cookie"
              }
            ],
            "tags": {
              "name": "Created-by-Terraform"
            },
            "tags_all": {
              "name": "Created-by-Terraform"
            },
            "target_failover": [
              {
                "on_deregistration": null,
                "on_unhealthy": null
              }
            ],
            "target_group_health": [
              {
                "dns_failover": [
                  {
                    "minimum_healthy_targets_count": "1",
                    "minimum_healthy_targets_percentage": "off"
                  }
                ],
                "unhealthy_state_routing": [
                  {
                    "minimum_healthy_targets_count": 1,
                    "minimum_healthy_targets_percentage": "off"
                  }
                ]
              }
            ],
            "target_health_state": [
              {
                "enable_unhealthy_connection_termination": null,
                "unhealthy_draining_interval": null
              }
            ],
            "target_type": "instance",
            "vpc_id": "vpc-0e78d76d21b9fbbc8"
          },
          "sensitive_attributes": [],
          "private": "bnVsbA==",
          "dependencies": [
            "aws_vpc.VPC-Terraform"
          ]
        }
      ]
    },
    {
      "mode": "managed",
      "type": "aws_lb_target_group_attachment",
      "name": "tg_attachment1",
      "provider": "provider[\"registry.terraform.io/hashicorp/aws\"]",
      "instances": [
        {
          "schema_version": 0,
          "attributes": {
            "availability_zone": null,
            "id": "arn:aws:elasticloadbalancing:eu-north-1:034362069537:targetgroup/lb-Target-Group-Terraform/f5f4343a224b1417-20250328113843759800000004",
            "port": 80,
            "target_group_arn": "arn:aws:elasticloadbalancing:eu-north-1:034362069537:targetgroup/lb-Target-Group-Terraform/f5f4343a224b1417",
            "target_id": "i-0224aef69c2b6cd9b"
          },
          "sensitive_attributes": [],
          "private": "bnVsbA==",
          "dependencies": [
            "aws_instance.Private-VM-AZ-1-Terraform",
            "aws_lb_target_group.lb-Target-Group-Terraform",
            "aws_security_group.sg-Terraform",
            "aws_subnet.Private-Subnet-AZ-1",
            "aws_vpc.VPC-Terraform"
          ]
        }
      ]
    },
    {
      "mode": "managed",
      "type": "aws_lb_target_group_attachment",
      "name": "tg_attachment2",
      "provider": "provider[\"registry.terraform.io/hashicorp/aws\"]",
      "instances": [
        {
          "schema_version": 0,
          "attributes": {
            "availability_zone": null,
            "id": "arn:aws:elasticloadbalancing:eu-north-1:034362069537:targetgroup/lb-Target-Group-Terraform/f5f4343a224b1417-20250328113843436700000003",
            "port": 80,
            "target_group_arn": "arn:aws:elasticloadbalancing:eu-north-1:034362069537:targetgroup/lb-Target-Group-Terraform/f5f4343a224b1417",
            "target_id": "i-06b7d1799759123fa"
          },
          "sensitive_attributes": [],
          "private": "bnVsbA==",
          "dependencies": [
            "aws_instance.Private-VM-AZ-2-Terraform",
            "aws_lb_target_group.lb-Target-Group-Terraform",
            "aws_security_group.sg-Terraform",
            "aws_subnet.Private-Subnet-AZ-2",
            "aws_vpc.VPC-Terraform"
          ]
        }
      ]
    },
    {
      "mode": "managed",
      "type": "aws_route_table",
      "name": "rt-Terraform",
      "provider": "provider[\"registry.terraform.io/hashicorp/aws\"]",
      "instances": [
        {
          "schema_version": 0,
          "attributes": {
            "arn": "arn:aws:ec2:eu-north-1:034362069537:route-table/rtb-0e25f23f4868a6750",
            "id": "rtb-0e25f23f4868a6750",
            "owner_id": "034362069537",
            "propagating_vgws": [],
            "route": [
              {
                "carrier_gateway_id": "",
                "cidr_block": "0.0.0.0/0",
                "core_network_arn": "",
                "destination_prefix_list_id": "",
                "egress_only_gateway_id": "",
                "gateway_id": "igw-016fb54228aa4b6b9",
                "ipv6_cidr_block": "",
                "local_gateway_id": "",
                "nat_gateway_id": "",
                "network_interface_id": "",
                "transit_gateway_id": "",
                "vpc_endpoint_id": "",
                "vpc_peering_connection_id": ""
              }
            ],
            "tags": {
              "Name": "rt-Terraform",
              "name": "Created-by-Terraform"
            },
            "tags_all": {
              "Name": "rt-Terraform",
              "name": "Created-by-Terraform"
            },
            "timeouts": null,
            "vpc_id": "vpc-0e78d76d21b9fbbc8"
          },
          "sensitive_attributes": [],
          "private": "eyJlMmJmYjczMC1lY2FhLTExZTYtOGY4OC0zNDM2M2JjN2M0YzAiOnsiY3JlYXRlIjozMDAwMDAwMDAwMDAsImRlbGV0ZSI6MzAwMDAwMDAwMDAwLCJ1cGRhdGUiOjEyMDAwMDAwMDAwMH19",
          "dependencies": [
            "aws_internet_gateway.igw-Terraform",
            "aws_vpc.VPC-Terraform"
          ]
        }
      ]
    },
    {
      "mode": "managed",
      "type": "aws_route_table_association",
      "name": "rt-association-Terraform-Public-Subnet-AZ-1",
      "provider": "provider[\"registry.terraform.io/hashicorp/aws\"]",
      "instances": [
        {
          "schema_version": 0,
          "attributes": {
            "gateway_id": "",
            "id": "rtbassoc-0954234a25e57e54e",
            "route_table_id": "rtb-0e25f23f4868a6750",
            "subnet_id": "subnet-02bb3e491dea50327",
            "timeouts": null
          },
          "sensitive_attributes": [],
          "private": "eyJlMmJmYjczMC1lY2FhLTExZTYtOGY4OC0zNDM2M2JjN2M0YzAiOnsiY3JlYXRlIjozMDAwMDAwMDAwMDAsImRlbGV0ZSI6MzAwMDAwMDAwMDAwLCJ1cGRhdGUiOjEyMDAwMDAwMDAwMH19",
          "dependencies": [
            "aws_internet_gateway.igw-Terraform",
            "aws_route_table.rt-Terraform",
            "aws_subnet.Public-Subnet-AZ-1",
            "aws_vpc.VPC-Terraform"
          ]
        }
      ]
    },
    {
      "mode": "managed",
      "type": "aws_route_table_association",
      "name": "rt-association-Terraform-Public-Subnet-AZ-2",
      "provider": "provider[\"registry.terraform.io/hashicorp/aws\"]",
      "instances": [
        {
          "schema_version": 0,
          "attributes": {
            "gateway_id": "",
            "id": "rtbassoc-09c03e74ee51b779b",
            "route_table_id": "rtb-0e25f23f4868a6750",
            "subnet_id": "subnet-0bb87d429e606d967",
            "timeouts": null
          },
          "sensitive_attributes": [],
          "private": "eyJlMmJmYjczMC1lY2FhLTExZTYtOGY4OC0zNDM2M2JjN2M0YzAiOnsiY3JlYXRlIjozMDAwMDAwMDAwMDAsImRlbGV0ZSI6MzAwMDAwMDAwMDAwLCJ1cGRhdGUiOjEyMDAwMDAwMDAwMH19",
          "dependencies": [
            "aws_internet_gateway.igw-Terraform",
            "aws_route_table.rt-Terraform",
            "aws_subnet.Public-Subnet-AZ-2",
            "aws_vpc.VPC-Terraform"
          ]
        }
      ]
    },
    {
      "mode": "managed",
      "type": "aws_security_group",
      "name": "sg-Load-Balancer-Terraform",
      "provider": "provider[\"registry.terraform.io/hashicorp/aws\"]",
      "instances": [
        {
          "schema_version": 1,
          "attributes": {
            "arn": "arn:aws:ec2:eu-north-1:034362069537:security-group/sg-01c7b2f25fc2e4614",
            "description": "Allow request to Application Load Balancer created through Terraform",
            "egress": [
              {
                "cidr_blocks": [
                  "0.0.0.0/0"
                ],
                "description": "",
                "from_port": 0,
                "ipv6_cidr_blocks": [],
                "prefix_list_ids": [],
                "protocol": "-1",
                "security_groups": [],
                "self": false,
                "to_port": 0
              }
            ],
            "id": "sg-01c7b2f25fc2e4614",
            "ingress": [
              {
                "cidr_blocks": [
                  "0.0.0.0/0"
                ],
                "description": "",
                "from_port": 443,
                "ipv6_cidr_blocks": [],
                "prefix_list_ids": [],
                "protocol": "tcp",
                "security_groups": [],
                "self": false,
                "to_port": 443
              },
              {
                "cidr_blocks": [
                  "0.0.0.0/0"
                ],
                "description": "",
                "from_port": 80,
                "ipv6_cidr_blocks": [],
                "prefix_list_ids": [],
                "protocol": "tcp",
                "security_groups": [],
                "self": false,
                "to_port": 80
              }
            ],
            "name": "terraform-20250328111717302900000003",
            "name_prefix": "terraform-",
            "owner_id": "034362069537",
            "revoke_rules_on_delete": false,
            "tags": {
              "Name": "sg-Load-Balancer-Terraform",
              "name": "Created-by-Terraform"
            },
            "tags_all": {
              "Name": "sg-Load-Balancer-Terraform",
              "name": "Created-by-Terraform"
            },
            "timeouts": null,
            "vpc_id": "vpc-0e78d76d21b9fbbc8"
          },
          "sensitive_attributes": [],
          "private": "eyJlMmJmYjczMC1lY2FhLTExZTYtOGY4OC0zNDM2M2JjN2M0YzAiOnsiY3JlYXRlIjo2MDAwMDAwMDAwMDAsImRlbGV0ZSI6OTAwMDAwMDAwMDAwfSwic2NoZW1hX3ZlcnNpb24iOiIxIn0=",
          "dependencies": [
            "aws_vpc.VPC-Terraform"
          ]
        }
      ]
    },
    {
      "mode": "managed",
      "type": "aws_security_group",
      "name": "sg-MS-SQL-Terraform",
      "provider": "provider[\"registry.terraform.io/hashicorp/aws\"]",
      "instances": [
        {
          "schema_version": 1,
          "attributes": {
            "arn": "arn:aws:ec2:eu-north-1:034362069537:security-group/sg-091743cc7002e1b90",
            "description": "Allow request to MS SQL Server Database created through Terraform",
            "egress": [
              {
                "cidr_blocks": [
                  "0.0.0.0/0"
                ],
                "description": "HTTPS egress created through Terraform",
                "from_port": 0,
                "ipv6_cidr_blocks": [],
                "prefix_list_ids": [],
                "protocol": "-1",
                "security_groups": [],
                "self": false,
                "to_port": 0
              }
            ],
            "id": "sg-091743cc7002e1b90",
            "ingress": [
              {
                "cidr_blocks": [
                  "0.0.0.0/0"
                ],
                "description": "HTTPS ingress created through Terraform",
                "from_port": 1433,
                "ipv6_cidr_blocks": [],
                "prefix_list_ids": [],
                "protocol": "tcp",
                "security_groups": [],
                "self": false,
                "to_port": 1433
              }
            ],
            "name": "terraform-20250328111717299000000001",
            "name_prefix": "terraform-",
            "owner_id": "034362069537",
            "revoke_rules_on_delete": false,
            "tags": {
              "Name": "sg-MS-SQL-Terraform",
              "name": "Created-by-Terraform"
            },
            "tags_all": {
              "Name": "sg-MS-SQL-Terraform",
              "name": "Created-by-Terraform"
            },
            "timeouts": null,
            "vpc_id": "vpc-0e78d76d21b9fbbc8"
          },
          "sensitive_attributes": [],
          "private": "eyJlMmJmYjczMC1lY2FhLTExZTYtOGY4OC0zNDM2M2JjN2M0YzAiOnsiY3JlYXRlIjo2MDAwMDAwMDAwMDAsImRlbGV0ZSI6OTAwMDAwMDAwMDAwfSwic2NoZW1hX3ZlcnNpb24iOiIxIn0=",
          "dependencies": [
            "aws_vpc.VPC-Terraform"
          ]
        }
      ]
    },
    {
      "mode": "managed",
      "type": "aws_security_group",
      "name": "sg-Terraform",
      "provider": "provider[\"registry.terraform.io/hashicorp/aws\"]",
      "instances": [
        {
          "schema_version": 1,
          "attributes": {
            "arn": "arn:aws:ec2:eu-north-1:034362069537:security-group/sg-0ba1cc5fb3e60f64a",
            "description": "Allow HTTPS to web server created through Terraform",
            "egress": [
              {
                "cidr_blocks": [
                  "0.0.0.0/0"
                ],
                "description": "HTTPS egress created through Terraform",
                "from_port": 0,
                "ipv6_cidr_blocks": [],
                "prefix_list_ids": [],
                "protocol": "-1",
                "security_groups": [],
                "self": false,
                "to_port": 0
              }
            ],
            "id": "sg-0ba1cc5fb3e60f64a",
            "ingress": [
              {
                "cidr_blocks": [
                  "0.0.0.0/0"
                ],
                "description": "HTTPS ingress created through Terraform",
                "from_port": 3389,
                "ipv6_cidr_blocks": [],
                "prefix_list_ids": [],
                "protocol": "tcp",
                "security_groups": [],
                "self": false,
                "to_port": 3389
              }
            ],
            "name": "terraform-20250328111717299500000002",
            "name_prefix": "terraform-",
            "owner_id": "034362069537",
            "revoke_rules_on_delete": false,
            "tags": {
              "Name": "sg-Terraform",
              "name": "Created-by-Terraform"
            },
            "tags_all": {
              "Name": "sg-Terraform",
              "name": "Created-by-Terraform"
            },
            "timeouts": null,
            "vpc_id": "vpc-0e78d76d21b9fbbc8"
          },
          "sensitive_attributes": [],
          "private": "eyJlMmJmYjczMC1lY2FhLTExZTYtOGY4OC0zNDM2M2JjN2M0YzAiOnsiY3JlYXRlIjo2MDAwMDAwMDAwMDAsImRlbGV0ZSI6OTAwMDAwMDAwMDAwfSwic2NoZW1hX3ZlcnNpb24iOiIxIn0=",
          "dependencies": [
            "aws_vpc.VPC-Terraform"
          ]
        }
      ]
    },
    {
      "mode": "managed",
      "type": "aws_subnet",
      "name": "Private-Subnet-AZ-1",
      "provider": "provider[\"registry.terraform.io/hashicorp/aws\"]",
      "instances": [
        {
          "schema_version": 1,
          "attributes": {
            "arn": "arn:aws:ec2:eu-north-1:034362069537:subnet/subnet-0e7ca8965c6710a7c",
            "assign_ipv6_address_on_creation": false,
            "availability_zone": "eu-north-1a",
            "availability_zone_id": "eun1-az1",
            "cidr_block": "10.0.2.0/24",
            "customer_owned_ipv4_pool": "",
            "enable_dns64": false,
            "enable_lni_at_device_index": 0,
            "enable_resource_name_dns_a_record_on_launch": false,
            "enable_resource_name_dns_aaaa_record_on_launch": false,
            "id": "subnet-0e7ca8965c6710a7c",
            "ipv6_cidr_block": "",
            "ipv6_cidr_block_association_id": "",
            "ipv6_native": false,
            "map_customer_owned_ip_on_launch": false,
            "map_public_ip_on_launch": false,
            "outpost_arn": "",
            "owner_id": "034362069537",
            "private_dns_hostname_type_on_launch": "ip-name",
            "tags": {
              "Name": "Private-Subnet-AZ-1",
              "name": "Created-by-Terraform"
            },
            "tags_all": {
              "Name": "Private-Subnet-AZ-1",
              "name": "Created-by-Terraform"
            },
            "timeouts": null,
            "vpc_id": "vpc-0e78d76d21b9fbbc8"
          },
          "sensitive_attributes": [],
          "private": "eyJlMmJmYjczMC1lY2FhLTExZTYtOGY4OC0zNDM2M2JjN2M0YzAiOnsiY3JlYXRlIjo2MDAwMDAwMDAwMDAsImRlbGV0ZSI6MTIwMDAwMDAwMDAwMH0sInNjaGVtYV92ZXJzaW9uIjoiMSJ9",
          "dependencies": [
            "aws_vpc.VPC-Terraform"
          ]
        }
      ]
    },
    {
      "mode": "managed",
      "type": "aws_subnet",
      "name": "Private-Subnet-AZ-2",
      "provider": "provider[\"registry.terraform.io/hashicorp/aws\"]",
      "instances": [
        {
          "schema_version": 1,
          "attributes": {
            "arn": "arn:aws:ec2:eu-north-1:034362069537:subnet/subnet-0e81363b3b84eb9a7",
            "assign_ipv6_address_on_creation": false,
            "availability_zone": "eu-north-1b",
            "availability_zone_id": "eun1-az2",
            "cidr_block": "10.0.3.0/24",
            "customer_owned_ipv4_pool": "",
            "enable_dns64": false,
            "enable_lni_at_device_index": 0,
            "enable_resource_name_dns_a_record_on_launch": false,
            "enable_resource_name_dns_aaaa_record_on_launch": false,
            "id": "subnet-0e81363b3b84eb9a7",
            "ipv6_cidr_block": "",
            "ipv6_cidr_block_association_id": "",
            "ipv6_native": false,
            "map_customer_owned_ip_on_launch": false,
            "map_public_ip_on_launch": false,
            "outpost_arn": "",
            "owner_id": "034362069537",
            "private_dns_hostname_type_on_launch": "ip-name",
            "tags": {
              "Name": "Private-Subnet-AZ-2",
              "name": "Created-by-Terraform"
            },
            "tags_all": {
              "Name": "Private-Subnet-AZ-2",
              "name": "Created-by-Terraform"
            },
            "timeouts": null,
            "vpc_id": "vpc-0e78d76d21b9fbbc8"
          },
          "sensitive_attributes": [],
          "private": "eyJlMmJmYjczMC1lY2FhLTExZTYtOGY4OC0zNDM2M2JjN2M0YzAiOnsiY3JlYXRlIjo2MDAwMDAwMDAwMDAsImRlbGV0ZSI6MTIwMDAwMDAwMDAwMH0sInNjaGVtYV92ZXJzaW9uIjoiMSJ9",
          "dependencies": [
            "aws_vpc.VPC-Terraform"
          ]
        }
      ]
    },
    {
      "mode": "managed",
      "type": "aws_subnet",
      "name": "Public-Subnet-AZ-1",
      "provider": "provider[\"registry.terraform.io/hashicorp/aws\"]",
      "instances": [
        {
          "schema_version": 1,
          "attributes": {
            "arn": "arn:aws:ec2:eu-north-1:034362069537:subnet/subnet-02bb3e491dea50327",
            "assign_ipv6_address_on_creation": false,
            "availability_zone": "eu-north-1a",
            "availability_zone_id": "eun1-az1",
            "cidr_block": "10.0.0.0/24",
            "customer_owned_ipv4_pool": "",
            "enable_dns64": false,
            "enable_lni_at_device_index": 0,
            "enable_resource_name_dns_a_record_on_launch": false,
            "enable_resource_name_dns_aaaa_record_on_launch": false,
            "id": "subnet-02bb3e491dea50327",
            "ipv6_cidr_block": "",
            "ipv6_cidr_block_association_id": "",
            "ipv6_native": false,
            "map_customer_owned_ip_on_launch": false,
            "map_public_ip_on_launch": true,
            "outpost_arn": "",
            "owner_id": "034362069537",
            "private_dns_hostname_type_on_launch": "ip-name",
            "tags": {
              "Name": "Public-Subnet-AZ-1",
              "name": "Created-by-Terraform"
            },
            "tags_all": {
              "Name": "Public-Subnet-AZ-1",
              "name": "Created-by-Terraform"
            },
            "timeouts": null,
            "vpc_id": "vpc-0e78d76d21b9fbbc8"
          },
          "sensitive_attributes": [],
          "private": "eyJlMmJmYjczMC1lY2FhLTExZTYtOGY4OC0zNDM2M2JjN2M0YzAiOnsiY3JlYXRlIjo2MDAwMDAwMDAwMDAsImRlbGV0ZSI6MTIwMDAwMDAwMDAwMH0sInNjaGVtYV92ZXJzaW9uIjoiMSJ9",
          "dependencies": [
            "aws_vpc.VPC-Terraform"
          ]
        }
      ]
    },
    {
      "mode": "managed",
      "type": "aws_subnet",
      "name": "Public-Subnet-AZ-2",
      "provider": "provider[\"registry.terraform.io/hashicorp/aws\"]",
      "instances": [
        {
          "schema_version": 1,
          "attributes": {
            "arn": "arn:aws:ec2:eu-north-1:034362069537:subnet/subnet-0bb87d429e606d967",
            "assign_ipv6_address_on_creation": false,
            "availability_zone": "eu-north-1b",
            "availability_zone_id": "eun1-az2",
            "cidr_block": "10.0.1.0/24",
            "customer_owned_ipv4_pool": "",
            "enable_dns64": false,
            "enable_lni_at_device_index": 0,
            "enable_resource_name_dns_a_record_on_launch": false,
            "enable_resource_name_dns_aaaa_record_on_launch": false,
            "id": "subnet-0bb87d429e606d967",
            "ipv6_cidr_block": "",
            "ipv6_cidr_block_association_id": "",
            "ipv6_native": false,
            "map_customer_owned_ip_on_launch": false,
            "map_public_ip_on_launch": true,
            "outpost_arn": "",
            "owner_id": "034362069537",
            "private_dns_hostname_type_on_launch": "ip-name",
            "tags": {
              "Name": "Public-Subnet-AZ-2",
              "name": "Created-by-Terraform"
            },
            "tags_all": {
              "Name": "Public-Subnet-AZ-2",
              "name": "Created-by-Terraform"
            },
            "timeouts": null,
            "vpc_id": "vpc-0e78d76d21b9fbbc8"
          },
          "sensitive_attributes": [],
          "private": "eyJlMmJmYjczMC1lY2FhLTExZTYtOGY4OC0zNDM2M2JjN2M0YzAiOnsiY3JlYXRlIjo2MDAwMDAwMDAwMDAsImRlbGV0ZSI6MTIwMDAwMDAwMDAwMH0sInNjaGVtYV92ZXJzaW9uIjoiMSJ9",
          "dependencies": [
            "aws_vpc.VPC-Terraform"
          ]
        }
      ]
    },
    {
      "mode": "managed",
      "type": "aws_vpc",
      "name": "VPC-Terraform",
      "provider": "provider[\"registry.terraform.io/hashicorp/aws\"]",
      "instances": [
        {
          "schema_version": 1,
          "attributes": {
            "arn": "arn:aws:ec2:eu-north-1:034362069537:vpc/vpc-0e78d76d21b9fbbc8",
            "assign_generated_ipv6_cidr_block": false,
            "cidr_block": "10.0.0.0/16",
            "default_network_acl_id": "acl-0636536c0b4872838",
            "default_route_table_id": "rtb-08490d18a917e88e9",
            "default_security_group_id": "sg-02916490a53ec2757",
            "dhcp_options_id": "dopt-0942f024e1a0bf8a2",
            "enable_dns_hostnames": false,
            "enable_dns_support": true,
            "enable_network_address_usage_metrics": false,
            "id": "vpc-0e78d76d21b9fbbc8",
            "instance_tenancy": "default",
            "ipv4_ipam_pool_id": null,
            "ipv4_netmask_length": null,
            "ipv6_association_id": "",
            "ipv6_cidr_block": "",
            "ipv6_cidr_block_network_border_group": "",
            "ipv6_ipam_pool_id": "",
            "ipv6_netmask_length": 0,
            "main_route_table_id": "rtb-08490d18a917e88e9",
            "owner_id": "034362069537",
            "tags": {
              "Name": "VPC-Terraform",
              "name": "Created-by-Terraform"
            },
            "tags_all": {
              "Name": "VPC-Terraform",
              "name": "Created-by-Terraform"
            }
          },
          "sensitive_attributes": [],
          "private": "eyJzY2hlbWFfdmVyc2lvbiI6IjEifQ=="
        }
      ]
    },
    {
      "mode": "managed",
      "type": "local_file",
      "name": "Terraform_VM_Key_File",
      "provider": "provider[\"registry.terraform.io/hashicorp/local\"]",
      "instances": [
        {
          "schema_version": 0,
          "attributes": {
            "content": "-----BEGIN RSA PRIVATE KEY-----\nMIIJKQIBAAKCAgEAu5ncWB48vzjYzv3xJcz+/7EFVFzKVQ12oyeXzeKaHZdec/d6\nplzRfUQ2WRA146Ek75OZIslA4gMDxSXsAziV7xFzFzUhIbojl8BnGDETyZLT5XqG\nmSMRcd127r3nWkWfChkoRhC8NcqJos7twoHHBdMf4VmyNkGOJ/79kU+ndD376REZ\n4LIWkMYaWw3gbgpc2pc6QsdCJ1eLu7F4RjQYfdcMzOI/Aiytzlr/9l56DF2LL1KM\n+ttoacZzhBV+WnXOutg++6vXdoPgTbvCu691lDuoMnd+4CBB8h0ymqU04rf+IfPr\n7rb8rZYI1LSwYdIrvJYtZNG+WBcNtkJyDuPTW+AqBaU1X9nLcYKO1tbii2gOmYX/\n4U6s38O4XSbGahFMiI+0PO6fLYhXGe3LWYDex/w1mmXYJUnrBxqCM3+GVAp4KBmh\nT2nsB9bKNq//8a/tLxF4kNB/ZIvD9HszliVJQD2fBSxUVpVR64pNzoapVa6CZ9Mf\nPchJPG7DLtq49p0CsL0mEb35o+gE1x6SGiPREqMbzdULFWVSCuOcLQOcXZ75/ATa\nX7WIHcRZ3DVhDQB8le8rBSTzPiOq6rAmmo3qIPPgboOqOixd2g/BpX0atjjXk0UC\nVXWXMXt8e8l6YASJakkbJygwIb/pDy2JBkkPbVZnZHe9jlkbRG0UCwAe1ncCAwEA\nAQKCAgEAl0XUJcIMHe3K9e5TO7X3kVq+/23rQXYfyiQtBrnIqD/czAos/mUuD6Kn\naF3n9muEiyMrgp9iEF159slDbL1+OU6KzZXr53RfKwjcmOdKG2qoLw0D6AwdDwIT\n2yOKoIIvYkcy8HyiJ4XwQjY2Bnf7cjjyJhbb22A1Lw8wjLH8R4GL1j4R7dvs0kTM\nD8w6wsDcau8y7ZIbR/oSFQFgCMwNS7vS+IsfX7ODWziJ2bIJHFt51mjsgYPWyCRc\nFY/3WR5R2txwvSOuFET24/eZaRps52DLmhY9WqDoTEE7AvRglsjixaIZB17KlXa8\nHDivWdHNrr4yUG/I2uOMDQG7U0JmtPe18POGDHkY7IJJ+FrIEQhf1yobpbQI+pVR\n77Cno+wF0FjAAlmLJGcLHvaBKuAed7y5AAnP5CVY1VQHm3UcM+08xTXnidwiupC2\neMSKOUHa7bn/LGS2o9Unl85fH0nqy30JCuG3DR564zOkWWi3KpbqrUdcrVzJS9sl\nPhDjDQhhZsSCZPutkAxYKKqhyaxzxe8/2DWCh67PERCMOil8ySD8GPpa3dydv9dM\nqCDV2+nPzJDMY6svNcOZ8K1QTmmTf02zZ4ha0AtIX8xwiHA6U49chfJ0ijeN9zRx\nO4H1FdjSND5P6MRGKk4WuO5qhrqiY4s7bdWZqE6BNWYvKWTD3KECggEBAN0xoPox\nw4OTuaNOxBKHYERg2FdUif4PzQAvICzXtZtnjlbl863bzRZWaUCAGy7scU4UGYFR\nokkE2QfKZO4YjFSFWaYVy9fTkkEBJzFrERtAohAhqYq0nQeg+/suuO6JrBuK7NSD\nw2tk0kAkEFpPQbffJ56JJZ/gnZsLE7GBRvAJbcCqxox0f5+++aqSbjPvYD1e0CE6\nwu0CqJVrCwiQcBD5//6XgFY99DTQ8xZspGGJ1o1gBobFMpx/m5Zc4jYlXDhIdQlU\nvkOmyRoaf8leieVOHc76CjS2vhVuqcfnLr/wqMv/jAfawRqBV1O2n0qYsox7wVyC\nmHGqdHXmrrrbSt8CggEBANkfAi1R6dRsYJeIkcetYGeewk5xmS3Wj+FJe5ckShUF\nJrf00mB8Y59MgzXh1dK12pL17jRUh2BxUsddo2R8Qmstv9GCqOb0W0EfO5n3WjrD\nedPAJePf9LHcC8fJgQ+skpftXFpTC9YwLIxFIw4DqOAu6PXEHv2o4Z4bckeV7Uwn\nc3VZnm1fiD1EB23/0z4DOhv/+upMaDRcXgPp1NeLEUl/AFLv3q/VEwKpQ24eqB8A\nvuUJ8E9cAzOd4lnBrhBa2+Hv+qk5h9rC99zC8H0vV3sEbdJfFJ6N5CHkn/z6z+2B\nmtG8hHu7BtoCRjpca2gGSxxk6biYB24JO5ayM6+H/2kCggEAcGQLO5WVloG1Tblz\n/0YyMAxVYOpfw2wb6gAIBUEF0hToSldFXg3VQ4hcqp1tMoaJe/bSjtb/8sI31LGO\nXzyx8TBgwPdKQDwMkGMZmw6f/oz0y+WO1B+5umqeHp868FmbzdLlS4Y4AZWVD2pD\ntN+YsOj+pJtjNr1W17TlKMhbVxQzZDZh9HQtdOoAyh7lSBZVfFl0v62v5eX36xQc\n4xkhGD8vSBmK6EdKkpupKLfDPpxfHC6yokAI22QrlldTyddp6F9IuJkKpC1W+aCF\nVbhnsM/kbYq3LNm98/3q3twk8PpDioQqjsMkY2ddC/g7MBgugRtQwMTK2NaXnmC8\nX82VWQKCAQBXF0kYRLM2sgJMxkszfSgeaGAodwiqilZMV91rUvMkW1ycjWeVrE+J\npnc7Ncs/KhLywBM8imuDE/HQZo8Tz4QU2dUHhRGbEolIJe8SY1WeHKrRdVG9hifw\n8AMJsJpEX0SuDFfvI0CsOcakvVbCWFV1F1v6uSB1PzjA4uGENW9qDKkTeU9DL/7G\nFHOme+eQCFtWv+c19FAYMLTFfRYTH4VfpcHLgswgW6e0eZDCqylkxjfMR6BNNOtT\n2RDiT/4yMT/h8RDqsFj+NxaVRtyQWl0My0oCCIGM1/2aWsqR/0lIS6R+XNAHkY2+\nBQuGfWvX3i5ixVe648CXMrzkRbbVwgeBAoIBAQCLjRQrVUBPJNz2YDnpseXw7FkX\nzC+Y0O3TYimDbdC+EudlIxOERlFA8pVUVKtivhJpJunuW14sP9lmx/U/fJ6hQXOD\nNg9ya8Sf68w8o1vZ5LJUcbM4iTh/vYx7IT5LXgl4U6YbZ4mLZuqQyvBKA7UgLbgw\npnFippvWIl6/Kekkowyf1xMRwpkD8YQ33LLlLzSsZatOmjBGKNHddIgFr8PZtwmm\ngVIMTQhO4L6fyUix8HOJj9gGHkoD9+ELAe/2RTnoMsAeMGhlUy4h/J1hOa0wJvnA\nhgQT7ASSKvZN/86+/OArNM8ke/ngVsdznqdnANy20/XlbrpK2r+wnIJhcBjV\n-----END RSA PRIVATE KEY-----\n",
            "content_base64": null,
            "content_base64sha256": "UdYwgTkGY9MTRhtyAXJ2pgi16pRK+BMjfDheSU6O69c=",
            "content_base64sha512": "8Z/bqxsb1TKfavRb5UXXrU6e1ilnIEuCGHNwOnqb52+IBgdXjWv6Cmf49xoX7iPiZ5URDOhVgUYOUfIqnWpOlg==",
            "content_md5": "28e58de303d786cb79df443c50e308ce",
            "content_sha1": "19caa123915f1e6019b182e8f5757bf6490e0316",
            "content_sha256": "51d63081390663d313461b72017276a608b5ea944af813237c385e494e8eebd7",
            "content_sha512": "f19fdbab1b1bd5329f6af45be545d7ad4e9ed62967204b821873703a7a9be76f880607578d6bfa0a67f8f71a17ee23e26795110ce85581460e51f22a9d6a4e96",
            "directory_permission": "0777",
            "file_permission": "0777",
            "filename": "key-Terraform.pem",
            "id": "19caa123915f1e6019b182e8f5757bf6490e0316",
            "sensitive_content": null,
            "source": null
          },
          "sensitive_attributes": [
            [
              {
                "type": "get_attr",
                "value": "content"
              }
            ],
            [
              {
                "type": "get_attr",
                "value": "sensitive_content"
              }
            ]
          ],
          "dependencies": [
            "tls_private_key.Private_Key_RSA_Algorithm"
          ]
        }
      ]
    },
    {
      "mode": "managed",
      "type": "tls_private_key",
      "name": "Private_Key_RSA_Algorithm",
      "provider": "provider[\"registry.terraform.io/hashicorp/tls\"]",
      "instances": [
        {
          "schema_version": 1,
          "attributes": {
            "algorithm": "RSA",
            "ecdsa_curve": "P224",
            "id": "8b0180215c610b7514e6b586498dc1399a3d961f",
            "private_key_openssh": "-----BEGIN OPENSSH PRIVATE KEY-----\nb3BlbnNzaC1rZXktdjEAAAAABG5vbmUAAAAEbm9uZQAAAAAAAAABAAACFwAAAAdz\nc2gtcnNhAAAAAwEAAQAAAgEAu5ncWB48vzjYzv3xJcz+/7EFVFzKVQ12oyeXzeKa\nHZdec/d6plzRfUQ2WRA146Ek75OZIslA4gMDxSXsAziV7xFzFzUhIbojl8BnGDET\nyZLT5XqGmSMRcd127r3nWkWfChkoRhC8NcqJos7twoHHBdMf4VmyNkGOJ/79kU+n\ndD376REZ4LIWkMYaWw3gbgpc2pc6QsdCJ1eLu7F4RjQYfdcMzOI/Aiytzlr/9l56\nDF2LL1KM+ttoacZzhBV+WnXOutg++6vXdoPgTbvCu691lDuoMnd+4CBB8h0ymqU0\n4rf+IfPr7rb8rZYI1LSwYdIrvJYtZNG+WBcNtkJyDuPTW+AqBaU1X9nLcYKO1tbi\ni2gOmYX/4U6s38O4XSbGahFMiI+0PO6fLYhXGe3LWYDex/w1mmXYJUnrBxqCM3+G\nVAp4KBmhT2nsB9bKNq//8a/tLxF4kNB/ZIvD9HszliVJQD2fBSxUVpVR64pNzoap\nVa6CZ9MfPchJPG7DLtq49p0CsL0mEb35o+gE1x6SGiPREqMbzdULFWVSCuOcLQOc\nXZ75/ATaX7WIHcRZ3DVhDQB8le8rBSTzPiOq6rAmmo3qIPPgboOqOixd2g/BpX0a\ntjjXk0UCVXWXMXt8e8l6YASJakkbJygwIb/pDy2JBkkPbVZnZHe9jlkbRG0UCwAe\n1ncAAAc4MIFC7zCBQu8AAAAHc3NoLXJzYQAAAgEAu5ncWB48vzjYzv3xJcz+/7EF\nVFzKVQ12oyeXzeKaHZdec/d6plzRfUQ2WRA146Ek75OZIslA4gMDxSXsAziV7xFz\nFzUhIbojl8BnGDETyZLT5XqGmSMRcd127r3nWkWfChkoRhC8NcqJos7twoHHBdMf\n4VmyNkGOJ/79kU+ndD376REZ4LIWkMYaWw3gbgpc2pc6QsdCJ1eLu7F4RjQYfdcM\nzOI/Aiytzlr/9l56DF2LL1KM+ttoacZzhBV+WnXOutg++6vXdoPgTbvCu691lDuo\nMnd+4CBB8h0ymqU04rf+IfPr7rb8rZYI1LSwYdIrvJYtZNG+WBcNtkJyDuPTW+Aq\nBaU1X9nLcYKO1tbii2gOmYX/4U6s38O4XSbGahFMiI+0PO6fLYhXGe3LWYDex/w1\nmmXYJUnrBxqCM3+GVAp4KBmhT2nsB9bKNq//8a/tLxF4kNB/ZIvD9HszliVJQD2f\nBSxUVpVR64pNzoapVa6CZ9MfPchJPG7DLtq49p0CsL0mEb35o+gE1x6SGiPREqMb\nzdULFWVSCuOcLQOcXZ75/ATaX7WIHcRZ3DVhDQB8le8rBSTzPiOq6rAmmo3qIPPg\nboOqOixd2g/BpX0atjjXk0UCVXWXMXt8e8l6YASJakkbJygwIb/pDy2JBkkPbVZn\nZHe9jlkbRG0UCwAe1ncAAAADAQABAAACAQCXRdQlwgwd7cr17lM7tfeRWr7/betB\ndh/KJC0GucioP9zMCiz+ZS4PoqdoXef2a4SLIyuCn2IQXXn2yUNsvX45TorNlevn\ndF8rCNyY50obaqgvDQPoDB0PAhPbI4qggi9iRzLwfKInhfBCNjYGd/tyOPImFtvb\nYDUvDzCMsfxHgYvWPhHt2+zSRMwPzDrCwNxq7zLtkhtH+hIVAWAIzA1Lu9L4ix9f\ns4NbOInZsgkcW3nWaOyBg9bIJFwVj/dZHlHa3HC9I64URPbj95lpGmznYMuaFj1a\noOhMQTsC9GCWyOLFohkHXsqVdrwcOK9Z0c2uvjJQb8ja44wNAbtTQma097Xw84YM\neRjsgkn4WsgRCF/XKhultAj6lVHvsKej7AXQWMACWYskZwse9oEq4B53vLkACc/k\nJVjVVAebdRwz7TzFNeeJ3CK6kLZ4xIo5Qdrtuf8sZLaj1SeXzl8fSerLfQkK4bcN\nHnrjM6RZaLcqluqtR1ytXMlL2yU+EOMNCGFmxIJk+62QDFgoqqHJrHPF7z/YNYKH\nrs8REIw6KXzJIPwY+lrd3J2/10yoINXb6c/MkMxjqy81w5nwrVBOaZN/TbNniFrQ\nC0hfzHCIcDpTj1yF8nSKN433NHE7gfUV2NI0Pk/oxEYqTha47mqGuqJjiztt1Zmo\nToE1Zi8pZMPcoQAAAQEAi40UK1VATyTc9mA56bHl8OxZF8wvmNDt02Ipg23QvhLn\nZSMThEZRQPKVVFSrYr4SaSbp7lteLD/ZZsf1P3yeoUFzgzYPcmvEn+vMPKNb2eSy\nVHGzOIk4f72MeyE+S14JeFOmG2eJi2bqkMrwSgO1IC24MKZxYqab1iJevynpJKMM\nn9cTEcKZA/GEN9yy5S80rGWrTpowRijR3XSIBa/D2bcJpoFSDE0ITuC+n8lIsfBz\niY/YBh5KA/fhCwHv9kU56DLAHjBoZVMuIfydYTmtMCb5wIYEE+wEkir2Tf/Ovvzg\nKzTPJHv54FbHc56nZwDcttP15W66Stq/sJyCYXAY1QAAAQEA3TGg+jHDg5O5o07E\nEodgRGDYV1SJ/g/NAC8gLNe1m2eOVuXzrdvNFlZpQIAbLuxxThQZgVGiSQTZB8pk\n7hiMVIVZphXL19OSQQEnMWsRG0CiECGpirSdB6D7+y647omsG4rs1IPDa2TSQCQQ\nWk9Bt98nnokln+CdmwsTsYFG8AltwKrGjHR/n775qpJuM+9gPV7QITrC7QKolWsL\nCJBwEPn//peAVj30NNDzFmykYYnWjWAGhsUynH+bllziNiVcOEh1CVS+Q6bJGhp/\nyV6J5U4dzvoKNLa+FW6px+cuv/Coy/+MB9rBGoFXU7afSpiyjHvBXIKYcap0deau\nuttK3wAAAQEA2R8CLVHp1Gxgl4iRx61gZ57CTnGZLdaP4Ul7lyRKFQUmt/TSYHxj\nn0yDNeHV0rXakvXuNFSHYHFSx12jZHxCay2/0YKo5vRbQR87mfdaOsN508Al49/0\nsdwLx8mBD6ySl+1cWlML1jAsjEUjDgOo4C7o9cQe/ajhnhtyR5XtTCdzdVmebV+I\nPUQHbf/TPgM6G//66kxoNFxeA+nU14sRSX8AUu/er9UTAqlDbh6oHwC+5QnwT1wD\nM53iWcGuEFrb4e/6qTmH2sL33MLwfS9XewRt0l8Uno3kIeSf/PrP7YGa0byEe7sG\n2gJGOlxraAZLHGTpuJgHbgk7lrIzr4f/aQAAAAAB\n-----END OPENSSH PRIVATE KEY-----\n",
            "private_key_pem": "-----BEGIN RSA PRIVATE KEY-----\nMIIJKQIBAAKCAgEAu5ncWB48vzjYzv3xJcz+/7EFVFzKVQ12oyeXzeKaHZdec/d6\nplzRfUQ2WRA146Ek75OZIslA4gMDxSXsAziV7xFzFzUhIbojl8BnGDETyZLT5XqG\nmSMRcd127r3nWkWfChkoRhC8NcqJos7twoHHBdMf4VmyNkGOJ/79kU+ndD376REZ\n4LIWkMYaWw3gbgpc2pc6QsdCJ1eLu7F4RjQYfdcMzOI/Aiytzlr/9l56DF2LL1KM\n+ttoacZzhBV+WnXOutg++6vXdoPgTbvCu691lDuoMnd+4CBB8h0ymqU04rf+IfPr\n7rb8rZYI1LSwYdIrvJYtZNG+WBcNtkJyDuPTW+AqBaU1X9nLcYKO1tbii2gOmYX/\n4U6s38O4XSbGahFMiI+0PO6fLYhXGe3LWYDex/w1mmXYJUnrBxqCM3+GVAp4KBmh\nT2nsB9bKNq//8a/tLxF4kNB/ZIvD9HszliVJQD2fBSxUVpVR64pNzoapVa6CZ9Mf\nPchJPG7DLtq49p0CsL0mEb35o+gE1x6SGiPREqMbzdULFWVSCuOcLQOcXZ75/ATa\nX7WIHcRZ3DVhDQB8le8rBSTzPiOq6rAmmo3qIPPgboOqOixd2g/BpX0atjjXk0UC\nVXWXMXt8e8l6YASJakkbJygwIb/pDy2JBkkPbVZnZHe9jlkbRG0UCwAe1ncCAwEA\nAQKCAgEAl0XUJcIMHe3K9e5TO7X3kVq+/23rQXYfyiQtBrnIqD/czAos/mUuD6Kn\naF3n9muEiyMrgp9iEF159slDbL1+OU6KzZXr53RfKwjcmOdKG2qoLw0D6AwdDwIT\n2yOKoIIvYkcy8HyiJ4XwQjY2Bnf7cjjyJhbb22A1Lw8wjLH8R4GL1j4R7dvs0kTM\nD8w6wsDcau8y7ZIbR/oSFQFgCMwNS7vS+IsfX7ODWziJ2bIJHFt51mjsgYPWyCRc\nFY/3WR5R2txwvSOuFET24/eZaRps52DLmhY9WqDoTEE7AvRglsjixaIZB17KlXa8\nHDivWdHNrr4yUG/I2uOMDQG7U0JmtPe18POGDHkY7IJJ+FrIEQhf1yobpbQI+pVR\n77Cno+wF0FjAAlmLJGcLHvaBKuAed7y5AAnP5CVY1VQHm3UcM+08xTXnidwiupC2\neMSKOUHa7bn/LGS2o9Unl85fH0nqy30JCuG3DR564zOkWWi3KpbqrUdcrVzJS9sl\nPhDjDQhhZsSCZPutkAxYKKqhyaxzxe8/2DWCh67PERCMOil8ySD8GPpa3dydv9dM\nqCDV2+nPzJDMY6svNcOZ8K1QTmmTf02zZ4ha0AtIX8xwiHA6U49chfJ0ijeN9zRx\nO4H1FdjSND5P6MRGKk4WuO5qhrqiY4s7bdWZqE6BNWYvKWTD3KECggEBAN0xoPox\nw4OTuaNOxBKHYERg2FdUif4PzQAvICzXtZtnjlbl863bzRZWaUCAGy7scU4UGYFR\nokkE2QfKZO4YjFSFWaYVy9fTkkEBJzFrERtAohAhqYq0nQeg+/suuO6JrBuK7NSD\nw2tk0kAkEFpPQbffJ56JJZ/gnZsLE7GBRvAJbcCqxox0f5+++aqSbjPvYD1e0CE6\nwu0CqJVrCwiQcBD5//6XgFY99DTQ8xZspGGJ1o1gBobFMpx/m5Zc4jYlXDhIdQlU\nvkOmyRoaf8leieVOHc76CjS2vhVuqcfnLr/wqMv/jAfawRqBV1O2n0qYsox7wVyC\nmHGqdHXmrrrbSt8CggEBANkfAi1R6dRsYJeIkcetYGeewk5xmS3Wj+FJe5ckShUF\nJrf00mB8Y59MgzXh1dK12pL17jRUh2BxUsddo2R8Qmstv9GCqOb0W0EfO5n3WjrD\nedPAJePf9LHcC8fJgQ+skpftXFpTC9YwLIxFIw4DqOAu6PXEHv2o4Z4bckeV7Uwn\nc3VZnm1fiD1EB23/0z4DOhv/+upMaDRcXgPp1NeLEUl/AFLv3q/VEwKpQ24eqB8A\nvuUJ8E9cAzOd4lnBrhBa2+Hv+qk5h9rC99zC8H0vV3sEbdJfFJ6N5CHkn/z6z+2B\nmtG8hHu7BtoCRjpca2gGSxxk6biYB24JO5ayM6+H/2kCggEAcGQLO5WVloG1Tblz\n/0YyMAxVYOpfw2wb6gAIBUEF0hToSldFXg3VQ4hcqp1tMoaJe/bSjtb/8sI31LGO\nXzyx8TBgwPdKQDwMkGMZmw6f/oz0y+WO1B+5umqeHp868FmbzdLlS4Y4AZWVD2pD\ntN+YsOj+pJtjNr1W17TlKMhbVxQzZDZh9HQtdOoAyh7lSBZVfFl0v62v5eX36xQc\n4xkhGD8vSBmK6EdKkpupKLfDPpxfHC6yokAI22QrlldTyddp6F9IuJkKpC1W+aCF\nVbhnsM/kbYq3LNm98/3q3twk8PpDioQqjsMkY2ddC/g7MBgugRtQwMTK2NaXnmC8\nX82VWQKCAQBXF0kYRLM2sgJMxkszfSgeaGAodwiqilZMV91rUvMkW1ycjWeVrE+J\npnc7Ncs/KhLywBM8imuDE/HQZo8Tz4QU2dUHhRGbEolIJe8SY1WeHKrRdVG9hifw\n8AMJsJpEX0SuDFfvI0CsOcakvVbCWFV1F1v6uSB1PzjA4uGENW9qDKkTeU9DL/7G\nFHOme+eQCFtWv+c19FAYMLTFfRYTH4VfpcHLgswgW6e0eZDCqylkxjfMR6BNNOtT\n2RDiT/4yMT/h8RDqsFj+NxaVRtyQWl0My0oCCIGM1/2aWsqR/0lIS6R+XNAHkY2+\nBQuGfWvX3i5ixVe648CXMrzkRbbVwgeBAoIBAQCLjRQrVUBPJNz2YDnpseXw7FkX\nzC+Y0O3TYimDbdC+EudlIxOERlFA8pVUVKtivhJpJunuW14sP9lmx/U/fJ6hQXOD\nNg9ya8Sf68w8o1vZ5LJUcbM4iTh/vYx7IT5LXgl4U6YbZ4mLZuqQyvBKA7UgLbgw\npnFippvWIl6/Kekkowyf1xMRwpkD8YQ33LLlLzSsZatOmjBGKNHddIgFr8PZtwmm\ngVIMTQhO4L6fyUix8HOJj9gGHkoD9+ELAe/2RTnoMsAeMGhlUy4h/J1hOa0wJvnA\nhgQT7ASSKvZN/86+/OArNM8ke/ngVsdznqdnANy20/XlbrpK2r+wnIJhcBjV\n-----END RSA PRIVATE KEY-----\n",
            "private_key_pem_pkcs8": "-----BEGIN PRIVATE KEY-----\nMIIJQwIBADANBgkqhkiG9w0BAQEFAASCCS0wggkpAgEAAoICAQC7mdxYHjy/ONjO\n/fElzP7/sQVUXMpVDXajJ5fN4podl15z93qmXNF9RDZZEDXjoSTvk5kiyUDiAwPF\nJewDOJXvEXMXNSEhuiOXwGcYMRPJktPleoaZIxFx3XbuvedaRZ8KGShGELw1yomi\nzu3CgccF0x/hWbI2QY4n/v2RT6d0PfvpERngshaQxhpbDeBuClzalzpCx0InV4u7\nsXhGNBh91wzM4j8CLK3OWv/2XnoMXYsvUoz622hpxnOEFX5adc662D77q9d2g+BN\nu8K7r3WUO6gyd37gIEHyHTKapTTit/4h8+vutvytlgjUtLBh0iu8li1k0b5YFw22\nQnIO49Nb4CoFpTVf2ctxgo7W1uKLaA6Zhf/hTqzfw7hdJsZqEUyIj7Q87p8tiFcZ\n7ctZgN7H/DWaZdglSesHGoIzf4ZUCngoGaFPaewH1so2r//xr+0vEXiQ0H9ki8P0\nezOWJUlAPZ8FLFRWlVHrik3OhqlVroJn0x89yEk8bsMu2rj2nQKwvSYRvfmj6ATX\nHpIaI9ESoxvN1QsVZVIK45wtA5xdnvn8BNpftYgdxFncNWENAHyV7ysFJPM+I6rq\nsCaajeog8+Bug6o6LF3aD8GlfRq2ONeTRQJVdZcxe3x7yXpgBIlqSRsnKDAhv+kP\nLYkGSQ9tVmdkd72OWRtEbRQLAB7WdwIDAQABAoICAQCXRdQlwgwd7cr17lM7tfeR\nWr7/betBdh/KJC0GucioP9zMCiz+ZS4PoqdoXef2a4SLIyuCn2IQXXn2yUNsvX45\nTorNlevndF8rCNyY50obaqgvDQPoDB0PAhPbI4qggi9iRzLwfKInhfBCNjYGd/ty\nOPImFtvbYDUvDzCMsfxHgYvWPhHt2+zSRMwPzDrCwNxq7zLtkhtH+hIVAWAIzA1L\nu9L4ix9fs4NbOInZsgkcW3nWaOyBg9bIJFwVj/dZHlHa3HC9I64URPbj95lpGmzn\nYMuaFj1aoOhMQTsC9GCWyOLFohkHXsqVdrwcOK9Z0c2uvjJQb8ja44wNAbtTQma0\n97Xw84YMeRjsgkn4WsgRCF/XKhultAj6lVHvsKej7AXQWMACWYskZwse9oEq4B53\nvLkACc/kJVjVVAebdRwz7TzFNeeJ3CK6kLZ4xIo5Qdrtuf8sZLaj1SeXzl8fSerL\nfQkK4bcNHnrjM6RZaLcqluqtR1ytXMlL2yU+EOMNCGFmxIJk+62QDFgoqqHJrHPF\n7z/YNYKHrs8REIw6KXzJIPwY+lrd3J2/10yoINXb6c/MkMxjqy81w5nwrVBOaZN/\nTbNniFrQC0hfzHCIcDpTj1yF8nSKN433NHE7gfUV2NI0Pk/oxEYqTha47mqGuqJj\niztt1ZmoToE1Zi8pZMPcoQKCAQEA3TGg+jHDg5O5o07EEodgRGDYV1SJ/g/NAC8g\nLNe1m2eOVuXzrdvNFlZpQIAbLuxxThQZgVGiSQTZB8pk7hiMVIVZphXL19OSQQEn\nMWsRG0CiECGpirSdB6D7+y647omsG4rs1IPDa2TSQCQQWk9Bt98nnokln+CdmwsT\nsYFG8AltwKrGjHR/n775qpJuM+9gPV7QITrC7QKolWsLCJBwEPn//peAVj30NNDz\nFmykYYnWjWAGhsUynH+bllziNiVcOEh1CVS+Q6bJGhp/yV6J5U4dzvoKNLa+FW6p\nx+cuv/Coy/+MB9rBGoFXU7afSpiyjHvBXIKYcap0deauuttK3wKCAQEA2R8CLVHp\n1Gxgl4iRx61gZ57CTnGZLdaP4Ul7lyRKFQUmt/TSYHxjn0yDNeHV0rXakvXuNFSH\nYHFSx12jZHxCay2/0YKo5vRbQR87mfdaOsN508Al49/0sdwLx8mBD6ySl+1cWlML\n1jAsjEUjDgOo4C7o9cQe/ajhnhtyR5XtTCdzdVmebV+IPUQHbf/TPgM6G//66kxo\nNFxeA+nU14sRSX8AUu/er9UTAqlDbh6oHwC+5QnwT1wDM53iWcGuEFrb4e/6qTmH\n2sL33MLwfS9XewRt0l8Uno3kIeSf/PrP7YGa0byEe7sG2gJGOlxraAZLHGTpuJgH\nbgk7lrIzr4f/aQKCAQBwZAs7lZWWgbVNuXP/RjIwDFVg6l/DbBvqAAgFQQXSFOhK\nV0VeDdVDiFyqnW0yhol79tKO1v/ywjfUsY5fPLHxMGDA90pAPAyQYxmbDp/+jPTL\n5Y7UH7m6ap4enzrwWZvN0uVLhjgBlZUPakO035iw6P6km2M2vVbXtOUoyFtXFDNk\nNmH0dC106gDKHuVIFlV8WXS/ra/l5ffrFBzjGSEYPy9IGYroR0qSm6kot8M+nF8c\nLrKiQAjbZCuWV1PJ12noX0i4mQqkLVb5oIVVuGewz+Rtircs2b3z/ere3CTw+kOK\nhCqOwyRjZ10L+DswGC6BG1DAxMrY1peeYLxfzZVZAoIBAFcXSRhEszayAkzGSzN9\nKB5oYCh3CKqKVkxX3WtS8yRbXJyNZ5WsT4mmdzs1yz8qEvLAEzyKa4MT8dBmjxPP\nhBTZ1QeFEZsSiUgl7xJjVZ4cqtF1Ub2GJ/DwAwmwmkRfRK4MV+8jQKw5xqS9VsJY\nVXUXW/q5IHU/OMDi4YQ1b2oMqRN5T0Mv/sYUc6Z755AIW1a/5zX0UBgwtMV9FhMf\nhV+lwcuCzCBbp7R5kMKrKWTGN8xHoE0061PZEOJP/jIxP+HxEOqwWP43FpVG3JBa\nXQzLSgIIgYzX/ZpaypH/SUhLpH5c0AeRjb4FC4Z9a9feLmLFV7rjwJcyvORFttXC\nB4ECggEBAIuNFCtVQE8k3PZgOemx5fDsWRfML5jQ7dNiKYNt0L4S52UjE4RGUUDy\nlVRUq2K+Emkm6e5bXiw/2WbH9T98nqFBc4M2D3JrxJ/rzDyjW9nkslRxsziJOH+9\njHshPkteCXhTphtniYtm6pDK8EoDtSAtuDCmcWKmm9YiXr8p6SSjDJ/XExHCmQPx\nhDfcsuUvNKxlq06aMEYo0d10iAWvw9m3CaaBUgxNCE7gvp/JSLHwc4mP2AYeSgP3\n4QsB7/ZFOegywB4waGVTLiH8nWE5rTAm+cCGBBPsBJIq9k3/zr784Cs0zyR7+eBW\nx3Oep2cA3LbT9eVuukrav7CcgmFwGNU=\n-----END PRIVATE KEY-----\n",
            "public_key_fingerprint_md5": "4e:f1:f8:28:c9:b2:99:4e:85:44:98:73:ff:4d:be:28",
            "public_key_fingerprint_sha256": "SHA256:HlVJp8QAtpQ9SPTH11yehVlcS5wlzu8ZSLMRVtrsE8E",
            "public_key_openssh": "ssh-rsa AAAAB3NzaC1yc2EAAAADAQABAAACAQC7mdxYHjy/ONjO/fElzP7/sQVUXMpVDXajJ5fN4podl15z93qmXNF9RDZZEDXjoSTvk5kiyUDiAwPFJewDOJXvEXMXNSEhuiOXwGcYMRPJktPleoaZIxFx3XbuvedaRZ8KGShGELw1yomizu3CgccF0x/hWbI2QY4n/v2RT6d0PfvpERngshaQxhpbDeBuClzalzpCx0InV4u7sXhGNBh91wzM4j8CLK3OWv/2XnoMXYsvUoz622hpxnOEFX5adc662D77q9d2g+BNu8K7r3WUO6gyd37gIEHyHTKapTTit/4h8+vutvytlgjUtLBh0iu8li1k0b5YFw22QnIO49Nb4CoFpTVf2ctxgo7W1uKLaA6Zhf/hTqzfw7hdJsZqEUyIj7Q87p8tiFcZ7ctZgN7H/DWaZdglSesHGoIzf4ZUCngoGaFPaewH1so2r//xr+0vEXiQ0H9ki8P0ezOWJUlAPZ8FLFRWlVHrik3OhqlVroJn0x89yEk8bsMu2rj2nQKwvSYRvfmj6ATXHpIaI9ESoxvN1QsVZVIK45wtA5xdnvn8BNpftYgdxFncNWENAHyV7ysFJPM+I6rqsCaajeog8+Bug6o6LF3aD8GlfRq2ONeTRQJVdZcxe3x7yXpgBIlqSRsnKDAhv+kPLYkGSQ9tVmdkd72OWRtEbRQLAB7Wdw==\n",
            "public_key_pem": "-----BEGIN PUBLIC KEY-----\nMIICIjANBgkqhkiG9w0BAQEFAAOCAg8AMIICCgKCAgEAu5ncWB48vzjYzv3xJcz+\n/7EFVFzKVQ12oyeXzeKaHZdec/d6plzRfUQ2WRA146Ek75OZIslA4gMDxSXsAziV\n7xFzFzUhIbojl8BnGDETyZLT5XqGmSMRcd127r3nWkWfChkoRhC8NcqJos7twoHH\nBdMf4VmyNkGOJ/79kU+ndD376REZ4LIWkMYaWw3gbgpc2pc6QsdCJ1eLu7F4RjQY\nfdcMzOI/Aiytzlr/9l56DF2LL1KM+ttoacZzhBV+WnXOutg++6vXdoPgTbvCu691\nlDuoMnd+4CBB8h0ymqU04rf+IfPr7rb8rZYI1LSwYdIrvJYtZNG+WBcNtkJyDuPT\nW+AqBaU1X9nLcYKO1tbii2gOmYX/4U6s38O4XSbGahFMiI+0PO6fLYhXGe3LWYDe\nx/w1mmXYJUnrBxqCM3+GVAp4KBmhT2nsB9bKNq//8a/tLxF4kNB/ZIvD9HszliVJ\nQD2fBSxUVpVR64pNzoapVa6CZ9MfPchJPG7DLtq49p0CsL0mEb35o+gE1x6SGiPR\nEqMbzdULFWVSCuOcLQOcXZ75/ATaX7WIHcRZ3DVhDQB8le8rBSTzPiOq6rAmmo3q\nIPPgboOqOixd2g/BpX0atjjXk0UCVXWXMXt8e8l6YASJakkbJygwIb/pDy2JBkkP\nbVZnZHe9jlkbRG0UCwAe1ncCAwEAAQ==\n-----END PUBLIC KEY-----\n",
            "rsa_bits": 4096
          },
          "sensitive_attributes": [
            [
              {
                "type": "get_attr",
                "value": "private_key_pem"
              }
            ],
            [
              {
                "type": "get_attr",
                "value": "private_key_pem_pkcs8"
              }
            ],
            [
              {
                "type": "get_attr",
                "value": "private_key_openssh"
              }
            ]
          ]
        }
      ]
    }
  ],
  "check_results": null
}
